// !$*UTF8*$!
{
	archiveVersion = 1;
	classes = {
	};
	objectVersion = 77;
	objects = {

/* Begin PBXBuildFile section */
		9C2879B8305337F600D73F47 /* Analytics in Frameworks */ = {isa = PBXBuildFile; productRef = 9C2879B7305337F600D73F47 /* Analytics */; };
		9C2879BA305337F600D73F47 /* Core in Frameworks */ = {isa = PBXBuildFile; productRef = 9C2879B9305337F600D73F47 /* Core */; };
		9C2879BC305337F600D73F47 /* Dashboard in Frameworks */ = {isa = PBXBuildFile; productRef = 9C2879BB305337F600D73F47 /* Dashboard */; };
		9C2879BE305337F600D73F47 /* DesignSystem in Frameworks */ = {isa = PBXBuildFile; productRef = 9C2879BD305337F600D73F47 /* DesignSystem */; };
		9C2879C0305337F600D73F47 /* Models in Frameworks */ = {isa = PBXBuildFile; productRef = 9C2879BF305337F600D73F47 /* Models */; };
		9C2879D2305337F600D73F47 /* Authentication in Frameworks */ = {isa = PBXBuildFile; productRef = 9C2879D1305337F600D73F47 /* Authentication */; };
		9C2879D4305337F600D73F47 /* Networking in Frameworks */ = {isa = PBXBuildFile; productRef = 9C2879D3305337F600D73F47 /* Networking */; };
		9C2879D6305337F600D73F47 /* Persistence in Frameworks */ = {isa = PBXBuildFile; productRef = 9C2879D5305337F600D73F47 /* Persistence */; };
		9C2879F0305337F600D73F47 /* FirebaseAuth in Frameworks */ = {isa = PBXBuildFile; productRef = 9C2879F1305337F600D73F47 /* FirebaseAuth */; };
		9C2879F5305337F600D73F47 /* GoogleSignIn in Frameworks */ = {isa = PBXBuildFile; productRef = 9C2879F4305337F600D73F47 /* GoogleSignIn */; };
/* End PBXBuildFile section */

/* Begin PBXContainerItemProxy section */
		9C7624AB3052E321003B13B1 /* PBXContainerItemProxy */ = {
			isa = PBXContainerItemProxy;
			containerPortal = 9C7624953052E320003B13B1 /* Project object */;
			proxyType = 1;
			remoteGlobalIDString = 9C76249C3052E320003B13B1;
			remoteInfo = mindlens;
		};
		9C7624B53052E321003B13B1 /* PBXContainerItemProxy */ = {
			isa = PBXContainerItemProxy;
			containerPortal = 9C7624953052E320003B13B1 /* Project object */;
			proxyType = 1;
			remoteGlobalIDString = 9C76249C3052E320003B13B1;
			remoteInfo = mindlens;
		};
/* End PBXContainerItemProxy section */

/* Begin PBXFileReference section */
		9C2879C1305337F600D73F47 /* Base.xcconfig */ = {isa = PBXFileReference; lastKnownFileType = text.xcconfig; path = Base.xcconfig; sourceTree = "<group>"; };
		9C2879C2305337F600D73F47 /* Secrets.example.xcconfig */ = {isa = PBXFileReference; lastKnownFileType = text.xcconfig; path = Secrets.example.xcconfig; sourceTree = "<group>"; };
		9C76249D3052E320003B13B1 /* mindlens.app */ = {isa = PBXFileReference; explicitFileType = wrapper.application; includeInIndex = 0; path = mindlens.app; sourceTree = BUILT_PRODUCTS_DIR; };
		9C7624AA3052E321003B13B1 /* mindlensTests.xctest */ = {isa = PBXFileReference; explicitFileType = wrapper.cfbundle; includeInIndex = 0; path = mindlensTests.xctest; sourceTree = BUILT_PRODUCTS_DIR; };
		9C7624B43052E321003B13B1 /* mindlensUITests.xctest */ = {isa = PBXFileReference; explicitFileType = wrapper.cfbundle; includeInIndex = 0; path = mindlensUITests.xctest; sourceTree = BUILT_PRODUCTS_DIR; };
/* End PBXFileReference section */

/* Begin PBXFileSystemSynchronizedBuildFileExceptionSet section */
		9C2879E1305337F600D73F47 /* Exceptions for "mindlens" folder in "mindlens" target */ = {
			isa = PBXFileSystemSynchronizedBuildFileExceptionSet;
			membershipExceptions = (
				Info.plist,
			);
			target = 9C76249C3052E320003B13B1 /* mindlens */;
		};
/* End PBXFileSystemSynchronizedBuildFileExceptionSet section */

/* Begin PBXFileSystemSynchronizedRootGroup section */
		9C76249F3052E320003B13B1 /* mindlens */ = {
			isa = PBXFileSystemSynchronizedRootGroup;
			exceptions = (
				9C2879E1305337F600D73F47 /* Exceptions for "mindlens" folder in "mindlens" target */,
			);
			path = mindlens;
			sourceTree = "<group>";
		};
		9C7624AD3052E321003B13B1 /* mindlensTests */ = {
			isa = PBXFileSystemSynchronizedRootGroup;
			path = mindlensTests;
			sourceTree = "<group>";
		};
		9C7624B73052E321003B13B1 /* mindlensUITests */ = {
			isa = PBXFileSystemSynchronizedRootGroup;
			path = mindlensUITests;
			sourceTree = "<group>";
		};
/* End PBXFileSystemSynchronizedRootGroup section */

/* Begin PBXFrameworksBuildPhase section */
		9C76249A3052E320003B13B1 /* Frameworks */ = {
			isa = PBXFrameworksBuildPhase;
			buildActionMask = 2147483647;
			files = (
				9C2879C0305337F600D73F47 /* Models in Frameworks */,
				9C2879B8305337F600D73F47 /* Analytics in Frameworks */,
				9C2879BA305337F600D73F47 /* Core in Frameworks */,
				9C2879BC305337F600D73F47 /* Dashboard in Frameworks */,
				9C2879BE305337F600D73F47 /* DesignSystem in Frameworks */,
				9C2879D2305337F600D73F47 /* Authentication in Frameworks */,
				9C2879D4305337F600D73F47 /* Networking in Frameworks */,
				9C2879D6305337F600D73F47 /* Persistence in Frameworks */,
				9C2879F0305337F600D73F47 /* FirebaseAuth in Frameworks */,
				9C2879F5305337F600D73F47 /* GoogleSignIn in Frameworks */,
			);
			runOnlyForDeploymentPostprocessing = 0;
		};
		9C7624A73052E321003B13B1 /* Frameworks */ = {
			isa = PBXFrameworksBuildPhase;
			buildActionMask = 2147483647;
			files = (
			);
			runOnlyForDeploymentPostprocessing = 0;
		};
		9C7624B13052E321003B13B1 /* Frameworks */ = {
			isa = PBXFrameworksBuildPhase;
			buildActionMask = 2147483647;
			files = (
			);
			runOnlyForDeploymentPostprocessing = 0;
		};
/* End PBXFrameworksBuildPhase section */

/* Begin PBXGroup section */
		9C2879C3305337F600D73F47 /* Config */ = {
			isa = PBXGroup;
			children = (
				9C2879C1305337F600D73F47 /* Base.xcconfig */,
				9C2879C2305337F600D73F47 /* Secrets.example.xcconfig */,
			);
			path = Config;
			sourceTree = "<group>";
		};
		9C7624943052E320003B13B1 = {
			isa = PBXGroup;
			children = (
				9C2879C3305337F600D73F47 /* Config */,
				9C76249F3052E320003B13B1 /* mindlens */,
				9C7624AD3052E321003B13B1 /* mindlensTests */,
				9C7624B73052E321003B13B1 /* mindlensUITests */,
				9C76249E3052E320003B13B1 /* Products */,
			);
			sourceTree = "<group>";
		};
		9C76249E3052E320003B13B1 /* Products */ = {
			isa = PBXGroup;
			children = (
				9C76249D3052E320003B13B1 /* mindlens.app */,
				9C7624AA3052E321003B13B1 /* mindlensTests.xctest */,
				9C7624B43052E321003B13B1 /* mindlensUITests.xctest */,
			);
			name = Products;
			sourceTree = "<group>";
		};
/* End PBXGroup section */

/* Begin PBXNativeTarget section */
		9C76249C3052E320003B13B1 /* mindlens */ = {
			isa = PBXNativeTarget;
			buildConfigurationList = 9C7624BE3052E321003B13B1 /* Build configuration list for PBXNativeTarget "mindlens" */;
			buildPhases = (
				9C7624993052E320003B13B1 /* Sources */,
				9C76249A3052E320003B13B1 /* Frameworks */,
				9C76249B3052E320003B13B1 /* Resources */,
			);
			buildRules = (
			);
			dependencies = (
			);
			fileSystemSynchronizedGroups = (
				9C76249F3052E320003B13B1 /* mindlens */,
			);
			name = mindlens;
			packageProductDependencies = (
				9C2879B7305337F600D73F47 /* Analytics */,
				9C2879B9305337F600D73F47 /* Core */,
				9C2879BB305337F600D73F47 /* Dashboard */,
				9C2879BD305337F600D73F47 /* DesignSystem */,
				9C2879BF305337F600D73F47 /* Models */,
				9C2879D1305337F600D73F47 /* Authentication */,
				9C2879D3305337F600D73F47 /* Networking */,
				9C2879D5305337F600D73F47 /* Persistence */,
				9C2879F1305337F600D73F47 /* FirebaseAuth */,
				9C2879F4305337F600D73F47 /* GoogleSignIn */,
			);
			productName = mindlens;
			productReference = 9C76249D3052E320003B13B1 /* mindlens.app */;
			productType = "com.apple.product-type.application";
		};
		9C7624A93052E321003B13B1 /* mindlensTests */ = {
			isa = PBXNativeTarget;
			buildConfigurationList = 9C7624C13052E321003B13B1 /* Build configuration list for PBXNativeTarget "mindlensTests" */;
			buildPhases = (
				9C7624A63052E321003B13B1 /* Sources */,
				9C7624A73052E321003B13B1 /* Frameworks */,
				9C7624A83052E321003B13B1 /* Resources */,
			);
			buildRules = (
			);
			dependencies = (
				9C7624AC3052E321003B13B1 /* PBXTargetDependency */,
			);
			fileSystemSynchronizedGroups = (
				9C7624AD3052E321003B13B1 /* mindlensTests */,
			);
			name = mindlensTests;
			packageProductDependencies = (
			);
			productName = mindlensTests;
			productReference = 9C7624AA3052E321003B13B1 /* mindlensTests.xctest */;
			productType = "com.apple.product-type.bundle.unit-test";
		};
		9C7624B33052E321003B13B1 /* mindlensUITests */ = {
			isa = PBXNativeTarget;
			buildConfigurationList = 9C7624C43052E321003B13B1 /* Build configuration list for PBXNativeTarget "mindlensUITests" */;
			buildPhases = (
				9C7624B03052E321003B13B1 /* Sources */,
				9C7624B13052E321003B13B1 /* Frameworks */,
				9C7624B23052E321003B13B1 /* Resources */,
			);
			buildRules = (
			);
			dependencies = (
				9C7624B63052E321003B13B1 /* PBXTargetDependency */,
			);
			fileSystemSynchronizedGroups = (
				9C7624B73052E321003B13B1 /* mindlensUITests */,
			);
			name = mindlensUITests;
			packageProductDependencies = (
			);
			productName = mindlensUITests;
			productReference = 9C7624B43052E321003B13B1 /* mindlensUITests.xctest */;
			productType = "com.apple.product-type.bundle.ui-testing";
		};
/* End PBXNativeTarget section */

/* Begin PBXProject section */
		9C7624953052E320003B13B1 /* Project object */ = {
			isa = PBXProject;
			attributes = {
				BuildIndependentTargetsInParallel = 1;
				LastSwiftUpdateCheck = 2620;
				LastUpgradeCheck = 2620;
				TargetAttributes = {
					9C76249C3052E320003B13B1 = {
						CreatedOnToolsVersion = 26.2;
					};
					9C7624A93052E321003B13B1 = {
						CreatedOnToolsVersion = 26.2;
						TestTargetID = 9C76249C3052E320003B13B1;
					};
					9C7624B33052E321003B13B1 = {
						CreatedOnToolsVersion = 26.2;
						TestTargetID = 9C76249C3052E320003B13B1;
					};
				};
			};
			buildConfigurationList = 9C7624983052E320003B13B1 /* Build configuration list for PBXProject "mindlens" */;
			developmentRegion = en;
			hasScannedForEncodings = 0;
			knownRegions = (
				en,
				Base,
			);
			mainGroup = 9C7624943052E320003B13B1;
			minimizedProjectReferenceProxies = 1;
			packageReferences = (
				9C2879B6305337F600D73F47 /* XCLocalSwiftPackageReference "Packages/MindlensKit" */,
				9C2879F2305337F600D73F47 /* XCRemoteSwiftPackageReference "firebase-ios-sdk" */,
				9C2879F3305337F600D73F47 /* XCRemoteSwiftPackageReference "GoogleSignIn-iOS" */,
			);
			preferredProjectObjectVersion = 77;
			productRefGroup = 9C76249E3052E320003B13B1 /* Products */;
			projectDirPath = "";
			projectRoot = "";
			targets = (
				9C76249C3052E320003B13B1 /* mindlens */,
				9C7624A93052E321003B13B1 /* mindlensTests */,
				9C7624B33052E321003B13B1 /* mindlensUITests */,
			);
		};
/* End PBXProject section */

/* Begin PBXResourcesBuildPhase section */
		9C76249B3052E320003B13B1 /* Resources */ = {
			isa = PBXResourcesBuildPhase;
			buildActionMask = 2147483647;
			files = (
			);
			runOnlyForDeploymentPostprocessing = 0;
		};
		9C7624A83052E321003B13B1 /* Resources */ = {
			isa = PBXResourcesBuildPhase;
			buildActionMask = 2147483647;
			files = (
			);
			runOnlyForDeploymentPostprocessing = 0;
		};
		9C7624B23052E321003B13B1 /* Resources */ = {
			isa = PBXResourcesBuildPhase;
			buildActionMask = 2147483647;
			files = (
			);
			runOnlyForDeploymentPostprocessing = 0;
		};
/* End PBXResourcesBuildPhase section */

/* Begin PBXSourcesBuildPhase section */
		9C7624993052E320003B13B1 /* Sources */ = {
			isa = PBXSourcesBuildPhase;
			buildActionMask = 2147483647;
			files = (
			);
			runOnlyForDeploymentPostprocessing = 0;
		};
		9C7624A63052E321003B13B1 /* Sources */ = {
			isa = PBXSourcesBuildPhase;
			buildActionMask = 2147483647;
			files = (
			);
			runOnlyForDeploymentPostprocessing = 0;
		};
		9C7624B03052E321003B13B1 /* Sources */ = {
			isa = PBXSourcesBuildPhase;
			buildActionMask = 2147483647;
			files = (
			);
			runOnlyForDeploymentPostprocessing = 0;
		};
/* End PBXSourcesBuildPhase section */

/* Begin PBXTargetDependency section */
		9C7624AC3052E321003B13B1 /* PBXTargetDependency */ = {
			isa = PBXTargetDependency;
			target = 9C76249C3052E320003B13B1 /* mindlens */;
			targetProxy = 9C7624AB3052E321003B13B1 /* PBXContainerItemProxy */;
		};
		9C7624B63052E321003B13B1 /* PBXTargetDependency */ = {
			isa = PBXTargetDependency;
			target = 9C76249C3052E320003B13B1 /* mindlens */;
			targetProxy = 9C7624B53052E321003B13B1 /* PBXContainerItemProxy */;
		};
/* End PBXTargetDependency section */

/* Begin XCBuildConfiguration section */
		9C7624BC3052E321003B13B1 /* Debug */ = {
			isa = XCBuildConfiguration;
			baseConfigurationReference = 9C2879C1305337F600D73F47 /* Base.xcconfig */;
			buildSettings = {
				ALWAYS_SEARCH_USER_PATHS = NO;
				ASSETCATALOG_COMPILER_GENERATE_SWIFT_ASSET_SYMBOL_EXTENSIONS = YES;
				CLANG_ANALYZER_NONNULL = YES;
				CLANG_ANALYZER_NUMBER_OBJECT_CONVERSION = YES_AGGRESSIVE;
				CLANG_CXX_LANGUAGE_STANDARD = "gnu++20";
				CLANG_ENABLE_MODULES = YES;
				CLANG_ENABLE_OBJC_ARC = YES;
				CLANG_ENABLE_OBJC_WEAK = YES;
				CLANG_WARN_BLOCK_CAPTURE_AUTORELEASING = YES;
				CLANG_WARN_BOOL_CONVERSION = YES;
				CLANG_WARN_COMMA = YES;
				CLANG_WARN_CONSTANT_CONVERSION = YES;
				CLANG_WARN_DEPRECATED_OBJC_IMPLEMENTATIONS = YES;
				CLANG_WARN_DIRECT_OBJC_ISA_USAGE = YES_ERROR;
				CLANG_WARN_DOCUMENTATION_COMMENTS = YES;
				CLANG_WARN_EMPTY_BODY = YES;
				CLANG_WARN_ENUM_CONVERSION = YES;
				CLANG_WARN_INFINITE_RECURSION = YES;
				CLANG_WARN_INT_CONVERSION = YES;
				CLANG_WARN_NON_LITERAL_NULL_CONVERSION = YES;
				CLANG_WARN_OBJC_IMPLICIT_RETAIN_SELF = YES;
				CLANG_WARN_OBJC_LITERAL_CONVERSION = YES;
				CLANG_WARN_OBJC_ROOT_CLASS = YES_ERROR;
				CLANG_WARN_QUOTED_INCLUDE_IN_FRAMEWORK_HEADER = YES;
				CLANG_WARN_RANGE_LOOP_ANALYSIS = YES;
				CLANG_WARN_STRICT_PROTOTYPES = YES;
				CLANG_WARN_SUSPICIOUS_MOVE = YES;
				CLANG_WARN_UNGUARDED_AVAILABILITY = YES_AGGRESSIVE;
				CLANG_WARN_UNREACHABLE_CODE = YES;
				CLANG_WARN__DUPLICATE_METHOD_MATCH = YES;
				COPY_PHASE_STRIP = NO;
				DEBUG_INFORMATION_FORMAT = dwarf;
				ENABLE_STRICT_OBJC_MSGSEND = YES;
				ENABLE_TESTABILITY = YES;
				ENABLE_USER_SCRIPT_SANDBOXING = YES;
				GCC_C_LANGUAGE_STANDARD = gnu17;
				GCC_DYNAMIC_NO_PIC = NO;
				GCC_NO_COMMON_BLOCKS = YES;
				GCC_OPTIMIZATION_LEVEL = 0;
				GCC_PREPROCESSOR_DEFINITIONS = (
					"DEBUG=1",
					"$(inherited)",
				);
				GCC_WARN_64_TO_32_BIT_CONVERSION = YES;
				GCC_WARN_ABOUT_RETURN_TYPE = YES_ERROR;
				GCC_WARN_UNDECLARED_SELECTOR = YES;
				GCC_WARN_UNINITIALIZED_AUTOS = YES_AGGRESSIVE;
				GCC_WARN_UNUSED_FUNCTION = YES;
				GCC_WARN_UNUSED_VARIABLE = YES;
				LOCALIZATION_PREFERS_STRING_CATALOGS = YES;
				MTL_ENABLE_DEBUG_INFO = INCLUDE_SOURCE;
				MTL_FAST_MATH = YES;
				ONLY_ACTIVE_ARCH = YES;
				SDKROOT = iphoneos;
				SWIFT_ACTIVE_COMPILATION_CONDITIONS = "DEBUG $(inherited)";
				SWIFT_OPTIMIZATION_LEVEL = "-Onone";
			};
			name = Debug;
		};
		9C7624BD3052E321003B13B1 /* Release */ = {
			isa = XCBuildConfiguration;
			baseConfigurationReference = 9C2879C1305337F600D73F47 /* Base.xcconfig */;
			buildSettings = {
				ALWAYS_SEARCH_USER_PATHS = NO;
				ASSETCATALOG_COMPILER_GENERATE_SWIFT_ASSET_SYMBOL_EXTENSIONS = YES;
				CLANG_ANALYZER_NONNULL = YES;
				CLANG_ANALYZER_NUMBER_OBJECT_CONVERSION = YES_AGGRESSIVE;
				CLANG_CXX_LANGUAGE_STANDARD = "gnu++20";
				CLANG_ENABLE_MODULES = YES;
				CLANG_ENABLE_OBJC_ARC = YES;
				CLANG_ENABLE_OBJC_WEAK = YES;
				CLANG_WARN_BLOCK_CAPTURE_AUTORELEASING = YES;
				CLANG_WARN_BOOL_CONVERSION = YES;
				CLANG_WARN_COMMA = YES;
				CLANG_WARN_CONSTANT_CONVERSION = YES;
				CLANG_WARN_DEPRECATED_OBJC_IMPLEMENTATIONS = YES;
				CLANG_WARN_DIRECT_OBJC_ISA_USAGE = YES_ERROR;
				CLANG_WARN_DOCUMENTATION_COMMENTS = YES;
				CLANG_WARN_EMPTY_BODY = YES;
				CLANG_WARN_ENUM_CONVERSION = YES;
				CLANG_WARN_INFINITE_RECURSION = YES;
				CLANG_WARN_INT_CONVERSION = YES;
				CLANG_WARN_NON_LITERAL_NULL_CONVERSION = YES;
				CLANG_WARN_OBJC_IMPLICIT_RETAIN_SELF = YES;
				CLANG_WARN_OBJC_LITERAL_CONVERSION = YES;
				CLANG_WARN_OBJC_ROOT_CLASS = YES_ERROR;
				CLANG_WARN_QUOTED_INCLUDE_IN_FRAMEWORK_HEADER = YES;
				CLANG_WARN_RANGE_LOOP_ANALYSIS = YES;
				CLANG_WARN_STRICT_PROTOTYPES = YES;
				CLANG_WARN_SUSPICIOUS_MOVE = YES;
				CLANG_WARN_UNGUARDED_AVAILABILITY = YES_AGGRESSIVE;
				CLANG_WARN_UNREACHABLE_CODE = YES;
				CLANG_WARN__DUPLICATE_METHOD_MATCH = YES;
				COPY_PHASE_STRIP = NO;
				DEBUG_INFORMATION_FORMAT = "dwarf-with-dsym";
				ENABLE_NS_ASSERTIONS = NO;
				ENABLE_STRICT_OBJC_MSGSEND = YES;
				ENABLE_USER_SCRIPT_SANDBOXING = YES;
				GCC_C_LANGUAGE_STANDARD = gnu17;
				GCC_NO_COMMON_BLOCKS = YES;
				GCC_WARN_64_TO_32_BIT_CONVERSION = YES;
				GCC_WARN_ABOUT_RETURN_TYPE = YES_ERROR;
				GCC_WARN_UNDECLARED_SELECTOR = YES;
				GCC_WARN_UNINITIALIZED_AUTOS = YES_AGGRESSIVE;
				GCC_WARN_UNUSED_FUNCTION = YES;
				GCC_WARN_UNUSED_VARIABLE = YES;
				LOCALIZATION_PREFERS_STRING_CATALOGS = YES;
				MTL_ENABLE_DEBUG_INFO = NO;
				MTL_FAST_MATH = YES;
				SDKROOT = iphoneos;
				SWIFT_COMPILATION_MODE = wholemodule;
				VALIDATE_PRODUCT = YES;
			};
			name = Release;
		};
		9C7624BF3052E321003B13B1 /* Debug */ = {
			isa = XCBuildConfiguration;
			buildSettings = {
				ASSETCATALOG_COMPILER_APPICON_NAME = AppIcon;
				ASSETCATALOG_COMPILER_GLOBAL_ACCENT_COLOR_NAME = AccentColor;
				CODE_SIGN_ENTITLEMENTS = mindlens/mindlens.entitlements;
				CODE_SIGN_STYLE = Automatic;
				CURRENT_PROJECT_VERSION = 1;
				DEVELOPMENT_TEAM = 8N7NUUCQ9X;
				ENABLE_PREVIEWS = YES;
				GENERATE_INFOPLIST_FILE = YES;
				INFOPLIST_FILE = mindlens/Info.plist;
				INFOPLIST_KEY_UIApplicationSceneManifest_Generation = YES;
				INFOPLIST_KEY_UIApplicationSupportsIndirectInputEvents = YES;
				INFOPLIST_KEY_UILaunchScreen_Generation = YES;
				INFOPLIST_KEY_UISupportedInterfaceOrientations_iPad = "UIInterfaceOrientationPortrait UIInterfaceOrientationPortraitUpsideDown UIInterfaceOrientationLandscapeLeft UIInterfaceOrientationLandscapeRight";
				INFOPLIST_KEY_UISupportedInterfaceOrientations_iPhone = "UIInterfaceOrientationPortrait UIInterfaceOrientationLandscapeLeft UIInterfaceOrientationLandscapeRight";
				LD_RUNPATH_SEARCH_PATHS = (
					"$(inherited)",
					"@executable_path/Frameworks",
				);
				MARKETING_VERSION = 1.0;
				PRODUCT_BUNDLE_IDENTIFIER = com.trymindlensnative.mindlens;
				PRODUCT_NAME = "$(TARGET_NAME)";
				STRING_CATALOG_GENERATE_SYMBOLS = YES;
				SWIFT_APPROACHABLE_CONCURRENCY = YES;
				SWIFT_DEFAULT_ACTOR_ISOLATION = MainActor;
				SWIFT_EMIT_LOC_STRINGS = YES;
				SWIFT_UPCOMING_FEATURE_MEMBER_IMPORT_VISIBILITY = YES;
				TARGETED_DEVICE_FAMILY = "1,2";
			};
			name = Debug;
		};
		9C7624C03052E321003B13B1 /* Release */ = {
			isa = XCBuildConfiguration;
			buildSettings = {
				ASSETCATALOG_COMPILER_APPICON_NAME = AppIcon;
				ASSETCATALOG_COMPILER_GLOBAL_ACCENT_COLOR_NAME = AccentColor;
				CODE_SIGN_ENTITLEMENTS = mindlens/mindlens.entitlements;
				CODE_SIGN_STYLE = Automatic;
				CURRENT_PROJECT_VERSION = 1;
				DEVELOPMENT_TEAM = 8N7NUUCQ9X;
				ENABLE_PREVIEWS = YES;
				GENERATE_INFOPLIST_FILE = YES;
				INFOPLIST_FILE = mindlens/Info.plist;
				INFOPLIST_KEY_UIApplicationSceneManifest_Generation = YES;
				INFOPLIST_KEY_UIApplicationSupportsIndirectInputEvents = YES;
				INFOPLIST_KEY_UILaunchScreen_Generation = YES;
				INFOPLIST_KEY_UISupportedInterfaceOrientations_iPad = "UIInterfaceOrientationPortrait UIInterfaceOrientationPortraitUpsideDown UIInterfaceOrientationLandscapeLeft UIInterfaceOrientationLandscapeRight";
				INFOPLIST_KEY_UISupportedInterfaceOrientations_iPhone = "UIInterfaceOrientationPortrait UIInterfaceOrientationLandscapeLeft UIInterfaceOrientationLandscapeRight";
				LD_RUNPATH_SEARCH_PATHS = (
					"$(inherited)",
					"@executable_path/Frameworks",
				);
				MARKETING_VERSION = 1.0;
				PRODUCT_BUNDLE_IDENTIFIER = com.trymindlensnative.mindlens;
				PRODUCT_NAME = "$(TARGET_NAME)";
				STRING_CATALOG_GENERATE_SYMBOLS = YES;
				SWIFT_APPROACHABLE_CONCURRENCY = YES;
				SWIFT_DEFAULT_ACTOR_ISOLATION = MainActor;
				SWIFT_EMIT_LOC_STRINGS = YES;
				SWIFT_UPCOMING_FEATURE_MEMBER_IMPORT_VISIBILITY = YES;
				TARGETED_DEVICE_FAMILY = "1,2";
			};
			name = Release;
		};
		9C7624C23052E321003B13B1 /* Debug */ = {
			isa = XCBuildConfiguration;
			buildSettings = {
				BUNDLE_LOADER = "$(TEST_HOST)";
				CODE_SIGN_STYLE = Automatic;
				CURRENT_PROJECT_VERSION = 1;
				GENERATE_INFOPLIST_FILE = YES;
				MARKETING_VERSION = 1.0;
				PRODUCT_BUNDLE_IDENTIFIER = com.trymindlensnative.mindlensTests;
				PRODUCT_NAME = "$(TARGET_NAME)";
				STRING_CATALOG_GENERATE_SYMBOLS = NO;
				SWIFT_APPROACHABLE_CONCURRENCY = YES;
				SWIFT_EMIT_LOC_STRINGS = NO;
				SWIFT_UPCOMING_FEATURE_MEMBER_IMPORT_VISIBILITY = YES;
				TARGETED_DEVICE_FAMILY = "1,2";
				TEST_HOST = "$(BUILT_PRODUCTS_DIR)/mindlens.app/$(BUNDLE_EXECUTABLE_FOLDER_PATH)/mindlens";
			};
			name = Debug;
		};
		9C7624C33052E321003B13B1 /* Release */ = {
			isa = XCBuildConfiguration;
			buildSettings = {
				BUNDLE_LOADER = "$(TEST_HOST)";
				CODE_SIGN_STYLE = Automatic;
				CURRENT_PROJECT_VERSION = 1;
				GENERATE_INFOPLIST_FILE = YES;
				MARKETING_VERSION = 1.0;
				PRODUCT_BUNDLE_IDENTIFIER = com.trymindlensnative.mindlensTests;
				PRODUCT_NAME = "$(TARGET_NAME)";
				STRING_CATALOG_GENERATE_SYMBOLS = NO;
				SWIFT_APPROACHABLE_CONCURRENCY = YES;
				SWIFT_EMIT_LOC_STRINGS = NO;
				SWIFT_UPCOMING_FEATURE_MEMBER_IMPORT_VISIBILITY = YES;
				TARGETED_DEVICE_FAMILY = "1,2";
				TEST_HOST = "$(BUILT_PRODUCTS_DIR)/mindlens.app/$(BUNDLE_EXECUTABLE_FOLDER_PATH)/mindlens";
			};
			name = Release;
		};
		9C7624C53052E321003B13B1 /* Debug */ = {
			isa = XCBuildConfiguration;
			buildSettings = {
				CODE_SIGN_STYLE = Automatic;
				CURRENT_PROJECT_VERSION = 1;
				GENERATE_INFOPLIST_FILE = YES;
				MARKETING_VERSION = 1.0;
				PRODUCT_BUNDLE_IDENTIFIER = com.trymindlensnative.mindlensUITests;
				PRODUCT_NAME = "$(TARGET_NAME)";
				STRING_CATALOG_GENERATE_SYMBOLS = NO;
				SWIFT_APPROACHABLE_CONCURRENCY = YES;
				SWIFT_EMIT_LOC_STRINGS = NO;
				SWIFT_UPCOMING_FEATURE_MEMBER_IMPORT_VISIBILITY = YES;
				TARGETED_DEVICE_FAMILY = "1,2";
				TEST_TARGET_NAME = mindlens;
			};
			name = Debug;
		};
		9C7624C63052E321003B13B1 /* Release */ = {
			isa = XCBuildConfiguration;
			buildSettings = {
				CODE_SIGN_STYLE = Automatic;
				CURRENT_PROJECT_VERSION = 1;
				GENERATE_INFOPLIST_FILE = YES;
				MARKETING_VERSION = 1.0;
				PRODUCT_BUNDLE_IDENTIFIER = com.trymindlensnative.mindlensUITests;
				PRODUCT_NAME = "$(TARGET_NAME)";
				STRING_CATALOG_GENERATE_SYMBOLS = NO;
				SWIFT_APPROACHABLE_CONCURRENCY = YES;
				SWIFT_EMIT_LOC_STRINGS = NO;
				SWIFT_UPCOMING_FEATURE_MEMBER_IMPORT_VISIBILITY = YES;
				TARGETED_DEVICE_FAMILY = "1,2";
				TEST_TARGET_NAME = mindlens;
			};
			name = Release;
		};
/* End XCBuildConfiguration section */

/* Begin XCConfigurationList section */
		9C7624983052E320003B13B1 /* Build configuration list for PBXProject "mindlens" */ = {
			isa = XCConfigurationList;
			buildConfigurations = (
				9C7624BC3052E321003B13B1 /* Debug */,
				9C7624BD3052E321003B13B1 /* Release */,
			);
			defaultConfigurationIsVisible = 0;
			defaultConfigurationName = Release;
		};
		9C7624BE3052E321003B13B1 /* Build configuration list for PBXNativeTarget "mindlens" */ = {
			isa = XCConfigurationList;
			buildConfigurations = (
				9C7624BF3052E321003B13B1 /* Debug */,
				9C7624C03052E321003B13B1 /* Release */,
			);
			defaultConfigurationIsVisible = 0;
			defaultConfigurationName = Release;
		};
		9C7624C13052E321003B13B1 /* Build configuration list for PBXNativeTarget "mindlensTests" */ = {
			isa = XCConfigurationList;
			buildConfigurations = (
				9C7624C23052E321003B13B1 /* Debug */,
				9C7624C33052E321003B13B1 /* Release */,
			);
			defaultConfigurationIsVisible = 0;
			defaultConfigurationName = Release;
		};
		9C7624C43052E321003B13B1 /* Build configuration list for PBXNativeTarget "mindlensUITests" */ = {
			isa = XCConfigurationList;
			buildConfigurations = (
				9C7624C53052E321003B13B1 /* Debug */,
				9C7624C63052E321003B13B1 /* Release */,
			);
			defaultConfigurationIsVisible = 0;
			defaultConfigurationName = Release;
		};
/* End XCConfigurationList section */

/* Begin XCLocalSwiftPackageReference section */
		9C2879B6305337F600D73F47 /* XCLocalSwiftPackageReference "Packages/MindlensKit" */ = {
			isa = XCLocalSwiftPackageReference;
			relativePath = Packages/MindlensKit;
		};
/* End XCLocalSwiftPackageReference section */

/* Begin XCRemoteSwiftPackageReference section */
		9C2879F2305337F600D73F47 /* XCRemoteSwiftPackageReference "firebase-ios-sdk" */ = {
			isa = XCRemoteSwiftPackageReference;
			repositoryURL = "https://github.com/firebase/firebase-ios-sdk";
			requirement = {
				kind = upToNextMajorVersion;
				minimumVersion = 12.8.0;
			};
		};
		9C2879F3305337F600D73F47 /* XCRemoteSwiftPackageReference "GoogleSignIn-iOS" */ = {
			isa = XCRemoteSwiftPackageReference;
			repositoryURL = "https://github.com/google/GoogleSignIn-iOS";
			requirement = {
				kind = upToNextMajorVersion;
				minimumVersion = 10.0.0;
			};
		};
/* End XCRemoteSwiftPackageReference section */

/* Begin XCSwiftPackageProductDependency section */
		9C2879B7305337F600D73F47 /* Analytics */ = {
			isa = XCSwiftPackageProductDependency;
			productName = Analytics;
		};
		9C2879B9305337F600D73F47 /* Core */ = {
			isa = XCSwiftPackageProductDependency;
			productName = Core;
		};
		9C2879BB305337F600D73F47 /* Dashboard */ = {
			isa = XCSwiftPackageProductDependency;
			productName = Dashboard;
		};
		9C2879BD305337F600D73F47 /* DesignSystem */ = {
			isa = XCSwiftPackageProductDependency;
			productName = DesignSystem;
		};
		9C2879BF305337F600D73F47 /* Models */ = {
			isa = XCSwiftPackageProductDependency;
			productName = Models;
		};
		9C2879D1305337F600D73F47 /* Authentication */ = {
			isa = XCSwiftPackageProductDependency;
			productName = Authentication;
		};
		9C2879D3305337F600D73F47 /* Networking */ = {
			isa = XCSwiftPackageProductDependency;
			productName = Networking;
		};
		9C2879D5305337F600D73F47 /* Persistence */ = {
			isa = XCSwiftPackageProductDependency;
			productName = Persistence;
		};
		9C2879F1305337F600D73F47 /* FirebaseAuth */ = {
			isa = XCSwiftPackageProductDependency;
			package = 9C2879F2305337F600D73F47 /* XCRemoteSwiftPackageReference "firebase-ios-sdk" */;
			productName = FirebaseAuth;
		};
		9C2879F4305337F600D73F47 /* GoogleSignIn */ = {
			isa = XCSwiftPackageProductDependency;
			package = 9C2879F3305337F600D73F47 /* XCRemoteSwiftPackageReference "GoogleSignIn-iOS" */;
			productName = GoogleSignIn;
		};
/* End XCSwiftPackageProductDependency section */
	};
	rootObject = 9C7624953052E320003B13B1 /* Project object */;
}
